// !$*UTF8*$!
{
	archiveVersion = 1;
	classes = {
	};
	objectVersion = 56;
	objects = {

/* Begin PBXBuildFile section */
		04292FD82A248344000DE0E1 /* ChartInfoStruct.swift in Sources */ = {isa = PBXBuildFile; fileRef = 04292FD72A248344000DE0E1 /* ChartInfoStruct.swift */; };
		04292FDD2A2495ED000DE0E1 /* StatisticsViewModel.swift in Sources */ = {isa = PBXBuildFile; fileRef = 04292FDC2A2495ED000DE0E1 /* StatisticsViewModel.swift */; };
		04292FE02A249F30000DE0E1 /* DateExtension.swift in Sources */ = {isa = PBXBuildFile; fileRef = 04292FDF2A249F30000DE0E1 /* DateExtension.swift */; };
		04292FE42A24D623000DE0E1 /* TransactionCardComponent.swift in Sources */ = {isa = PBXBuildFile; fileRef = 04292FE32A24D623000DE0E1 /* TransactionCardComponent.swift */; };
		04292FE62A2590C4000DE0E1 /* MainScreenBlock.swift in Sources */ = {isa = PBXBuildFile; fileRef = 04292FE52A2590C4000DE0E1 /* MainScreenBlock.swift */; };
		04292FE82A25926C000DE0E1 /* CircleImage.swift in Sources */ = {isa = PBXBuildFile; fileRef = 04292FE72A25926C000DE0E1 /* CircleImage.swift */; };
		0448A4062A20F9C700997EBB /* TransactionScreen.swift in Sources */ = {isa = PBXBuildFile; fileRef = 0448A4052A20F9C700997EBB /* TransactionScreen.swift */; };
		0448A4082A20FE1700997EBB /* AddTransactionScreen.swift in Sources */ = {isa = PBXBuildFile; fileRef = 0448A4072A20FE1600997EBB /* AddTransactionScreen.swift */; };
		0448A40A2A20FEC300997EBB /* TextInputComponent.swift in Sources */ = {isa = PBXBuildFile; fileRef = 0448A4092A20FEC300997EBB /* TextInputComponent.swift */; };
		047DFF3E2A29CB2700D7E8B2 /* MacMainScreen.swift in Sources */ = {isa = PBXBuildFile; fileRef = 047DFF3D2A29CB2700D7E8B2 /* MacMainScreen.swift */; };
		047DFF402A29CBB700D7E8B2 /* IpadMainScreen.swift in Sources */ = {isa = PBXBuildFile; fileRef = 047DFF3F2A29CBB700D7E8B2 /* IpadMainScreen.swift */; };
		048FC4D82A2322D300C6E728 /* ProfileViewModel.swift in Sources */ = {isa = PBXBuildFile; fileRef = 048FC4D72A2322D300C6E728 /* ProfileViewModel.swift */; };
		048FC4DA2A2323C700C6E728 /* Profile.swift in Sources */ = {isa = PBXBuildFile; fileRef = 048FC4D92A2323C700C6E728 /* Profile.swift */; };
		048FC4DC2A23246A00C6E728 /* ProfileSettView.swift in Sources */ = {isa = PBXBuildFile; fileRef = 048FC4DB2A23246A00C6E728 /* ProfileSettView.swift */; };
		048FC4DF2A23261000C6E728 /* DelagateScene.swift in Sources */ = {isa = PBXBuildFile; fileRef = 048FC4DE2A23261000C6E728 /* DelagateScene.swift */; };
		048FC4E12A23269600C6E728 /* Header.swift in Sources */ = {isa = PBXBuildFile; fileRef = 048FC4E02A23269600C6E728 /* Header.swift */; };
		048FC4E52A2355DF00C6E728 /* colorSlider.swift in Sources */ = {isa = PBXBuildFile; fileRef = 048FC4E42A2355DF00C6E728 /* colorSlider.swift */; };
		048FC4EE2A235D7B00C6E728 /* SetUpScreen.swift in Sources */ = {isa = PBXBuildFile; fileRef = 048FC4ED2A235D7B00C6E728 /* SetUpScreen.swift */; };
		0496DA2F2A1DA05800F3CF2B /* BudgetScreen.swift in Sources */ = {isa = PBXBuildFile; fileRef = 0496DA2E2A1DA05800F3CF2B /* BudgetScreen.swift */; };
		0496DA322A1DA0EC00F3CF2B /* ProgressBarComponent.swift in Sources */ = {isa = PBXBuildFile; fileRef = 0496DA312A1DA0EC00F3CF2B /* ProgressBarComponent.swift */; };
		0496DA342A1E098600F3CF2B /* FloatingActionButton.swift in Sources */ = {isa = PBXBuildFile; fileRef = 0496DA332A1E098600F3CF2B /* FloatingActionButton.swift */; };
		0496DA362A1E0AA000F3CF2B /* AddBudgetScreen.swift in Sources */ = {isa = PBXBuildFile; fileRef = 0496DA352A1E0AA000F3CF2B /* AddBudgetScreen.swift */; };
		0496DA382A1E303000F3CF2B /* BudgetViewModel.swift in Sources */ = {isa = PBXBuildFile; fileRef = 0496DA372A1E303000F3CF2B /* BudgetViewModel.swift */; };
		0496DA3C2A1E4B1300F3CF2B /* CategoryStruct.swift in Sources */ = {isa = PBXBuildFile; fileRef = 0496DA3B2A1E4B1300F3CF2B /* CategoryStruct.swift */; };
		0496DA3E2A1F058A00F3CF2B /* BudgetStruct.swift in Sources */ = {isa = PBXBuildFile; fileRef = 0496DA3D2A1F058A00F3CF2B /* BudgetStruct.swift */; };
		0496DA422A2060A200F3CF2B /* BudgetInfoStruct.swift in Sources */ = {isa = PBXBuildFile; fileRef = 0496DA412A2060A200F3CF2B /* BudgetInfoStruct.swift */; };
		04B24F992A218FC50031D865 /* MainViewModel.swift in Sources */ = {isa = PBXBuildFile; fileRef = 04B24F982A218FC50031D865 /* MainViewModel.swift */; };
		04C512912A163CD400CC75F9 /* CoreDataTutor.swift in Sources */ = {isa = PBXBuildFile; fileRef = 04C512902A163CD400CC75F9 /* CoreDataTutor.swift */; };
		04C512932A163D2F00CC75F9 /* HomeScreen.swift in Sources */ = {isa = PBXBuildFile; fileRef = 04C512922A163D2F00CC75F9 /* HomeScreen.swift */; };
		04C5129D2A163FC200CC75F9 /* Inter-Black.ttf in Resources */ = {isa = PBXBuildFile; fileRef = 04C512962A163FC200CC75F9 /* Inter-Black.ttf */; };
		04C5129E2A163FC200CC75F9 /* Inter-Medium.ttf in Resources */ = {isa = PBXBuildFile; fileRef = 04C512972A163FC200CC75F9 /* Inter-Medium.ttf */; };
		04C5129F2A163FC200CC75F9 /* Inter-Bold.ttf in Resources */ = {isa = PBXBuildFile; fileRef = 04C512982A163FC200CC75F9 /* Inter-Bold.ttf */; };
		04C512A02A163FC200CC75F9 /* Inter-Light.ttf in Resources */ = {isa = PBXBuildFile; fileRef = 04C512992A163FC200CC75F9 /* Inter-Light.ttf */; };
		04C512A12A163FC200CC75F9 /* Inter-Regular.ttf in Resources */ = {isa = PBXBuildFile; fileRef = 04C5129A2A163FC200CC75F9 /* Inter-Regular.ttf */; };
		04C512A22A163FC200CC75F9 /* Inter-ExtraBold.ttf in Resources */ = {isa = PBXBuildFile; fileRef = 04C5129B2A163FC200CC75F9 /* Inter-ExtraBold.ttf */; };
		04C512A32A163FC200CC75F9 /* Inter-SemiBold.ttf in Resources */ = {isa = PBXBuildFile; fileRef = 04C5129C2A163FC200CC75F9 /* Inter-SemiBold.ttf */; };
		04C512A72A16416000CC75F9 /* Styling.swift in Sources */ = {isa = PBXBuildFile; fileRef = 04C512A62A16416000CC75F9 /* Styling.swift */; };
		04C512A92A1645A200CC75F9 /* MainScreen.swift in Sources */ = {isa = PBXBuildFile; fileRef = 04C512A82A1645A200CC75F9 /* MainScreen.swift */; };
		04C512AB2A1645B100CC75F9 /* StatisticsScreen.swift in Sources */ = {isa = PBXBuildFile; fileRef = 04C512AA2A1645B100CC75F9 /* StatisticsScreen.swift */; };
		04C512AD2A1645BC00CC75F9 /* ProfileScreen.swift in Sources */ = {isa = PBXBuildFile; fileRef = 04C512AC2A1645BC00CC75F9 /* ProfileScreen.swift */; };
		04C512B12A16575A00CC75F9 /* CoreDataManager.swift in Sources */ = {isa = PBXBuildFile; fileRef = 04C512B02A16575A00CC75F9 /* CoreDataManager.swift */; };
		04C512B32A16588900CC75F9 /* TransactionViewModel.swift in Sources */ = {isa = PBXBuildFile; fileRef = 04C512B22A16588900CC75F9 /* TransactionViewModel.swift */; };
		04C512B62A1673BB00CC75F9 /* Transaction.swift in Sources */ = {isa = PBXBuildFile; fileRef = 04C512B52A1673BB00CC75F9 /* Transaction.swift */; };
		04EBC4932A130E5E006F85F4 /* ProjectALP_MoneyGeniusApp.swift in Sources */ = {isa = PBXBuildFile; fileRef = 04EBC4922A130E5E006F85F4 /* ProjectALP_MoneyGeniusApp.swift */; };
		04EBC4952A130E5E006F85F4 /* ContentView.swift in Sources */ = {isa = PBXBuildFile; fileRef = 04EBC4942A130E5E006F85F4 /* ContentView.swift */; };
		04EBC4972A130E5F006F85F4 /* Assets.xcassets in Resources */ = {isa = PBXBuildFile; fileRef = 04EBC4962A130E5F006F85F4 /* Assets.xcassets */; };
		04EBC49A2A130E5F006F85F4 /* Preview Assets.xcassets in Resources */ = {isa = PBXBuildFile; fileRef = 04EBC4992A130E5F006F85F4 /* Preview Assets.xcassets */; };
		04EBC49C2A130E5F006F85F4 /* Persistence.swift in Sources */ = {isa = PBXBuildFile; fileRef = 04EBC49B2A130E5F006F85F4 /* Persistence.swift */; };
		04EBC49F2A130E5F006F85F4 /* ProjectALP_MoneyGenius.xcdatamodeld in Sources */ = {isa = PBXBuildFile; fileRef = 04EBC49D2A130E5F006F85F4 /* ProjectALP_MoneyGenius.xcdatamodeld */; };
		04EBC4C62A163BAD006F85F4 /* SplashScreen.swift in Sources */ = {isa = PBXBuildFile; fileRef = 04EBC4C52A163BAD006F85F4 /* SplashScreen.swift */; };
/* End PBXBuildFile section */

/* Begin PBXFileReference section */
		04292FD72A248344000DE0E1 /* ChartInfoStruct.swift */ = {isa = PBXFileReference; lastKnownFileType = sourcecode.swift; path = ChartInfoStruct.swift; sourceTree = "<group>"; };
		04292FDC2A2495ED000DE0E1 /* StatisticsViewModel.swift */ = {isa = PBXFileReference; lastKnownFileType = sourcecode.swift; path = StatisticsViewModel.swift; sourceTree = "<group>"; };
		04292FDF2A249F30000DE0E1 /* DateExtension.swift */ = {isa = PBXFileReference; lastKnownFileType = sourcecode.swift; path = DateExtension.swift; sourceTree = "<group>"; };
		04292FE32A24D623000DE0E1 /* TransactionCardComponent.swift */ = {isa = PBXFileReference; lastKnownFileType = sourcecode.swift; path = TransactionCardComponent.swift; sourceTree = "<group>"; };
		04292FE52A2590C4000DE0E1 /* MainScreenBlock.swift */ = {isa = PBXFileReference; lastKnownFileType = sourcecode.swift; path = MainScreenBlock.swift; sourceTree = "<group>"; };
		04292FE72A25926C000DE0E1 /* CircleImage.swift */ = {isa = PBXFileReference; lastKnownFileType = sourcecode.swift; path = CircleImage.swift; sourceTree = "<group>"; };
		0448A4052A20F9C700997EBB /* TransactionScreen.swift */ = {isa = PBXFileReference; lastKnownFileType = sourcecode.swift; path = TransactionScreen.swift; sourceTree = "<group>"; };
		0448A4072A20FE1600997EBB /* AddTransactionScreen.swift */ = {isa = PBXFileReference; lastKnownFileType = sourcecode.swift; path = AddTransactionScreen.swift; sourceTree = "<group>"; };
		0448A4092A20FEC300997EBB /* TextInputComponent.swift */ = {isa = PBXFileReference; lastKnownFileType = sourcecode.swift; path = TextInputComponent.swift; sourceTree = "<group>"; };
		047DFF382A28F62100D7E8B2 /* ProjectALP_MoneyGenius.entitlements */ = {isa = PBXFileReference; lastKnownFileType = text.plist.entitlements; path = ProjectALP_MoneyGenius.entitlements; sourceTree = "<group>"; };
		047DFF3D2A29CB2700D7E8B2 /* MacMainScreen.swift */ = {isa = PBXFileReference; lastKnownFileType = sourcecode.swift; path = MacMainScreen.swift; sourceTree = "<group>"; };
		047DFF3F2A29CBB700D7E8B2 /* IpadMainScreen.swift */ = {isa = PBXFileReference; lastKnownFileType = sourcecode.swift; path = IpadMainScreen.swift; sourceTree = "<group>"; };
		048FC4D72A2322D300C6E728 /* ProfileViewModel.swift */ = {isa = PBXFileReference; lastKnownFileType = sourcecode.swift; path = ProfileViewModel.swift; sourceTree = "<group>"; };
		048FC4D92A2323C700C6E728 /* Profile.swift */ = {isa = PBXFileReference; lastKnownFileType = sourcecode.swift; path = Profile.swift; sourceTree = "<group>"; };
		048FC4DB2A23246A00C6E728 /* ProfileSettView.swift */ = {isa = PBXFileReference; lastKnownFileType = sourcecode.swift; path = ProfileSettView.swift; sourceTree = "<group>"; };
		048FC4DE2A23261000C6E728 /* DelagateScene.swift */ = {isa = PBXFileReference; lastKnownFileType = sourcecode.swift; path = DelagateScene.swift; sourceTree = "<group>"; };
		048FC4E02A23269600C6E728 /* Header.swift */ = {isa = PBXFileReference; lastKnownFileType = sourcecode.swift; path = Header.swift; sourceTree = "<group>"; };
		048FC4E42A2355DF00C6E728 /* colorSlider.swift */ = {isa = PBXFileReference; lastKnownFileType = sourcecode.swift; path = colorSlider.swift; sourceTree = "<group>"; };
		048FC4ED2A235D7B00C6E728 /* SetUpScreen.swift */ = {isa = PBXFileReference; lastKnownFileType = sourcecode.swift; path = SetUpScreen.swift; sourceTree = "<group>"; };
		0496DA2E2A1DA05800F3CF2B /* BudgetScreen.swift */ = {isa = PBXFileReference; lastKnownFileType = sourcecode.swift; path = BudgetScreen.swift; sourceTree = "<group>"; };
		0496DA312A1DA0EC00F3CF2B /* ProgressBarComponent.swift */ = {isa = PBXFileReference; lastKnownFileType = sourcecode.swift; path = ProgressBarComponent.swift; sourceTree = "<group>"; };
		0496DA332A1E098600F3CF2B /* FloatingActionButton.swift */ = {isa = PBXFileReference; lastKnownFileType = sourcecode.swift; path = FloatingActionButton.swift; sourceTree = "<group>"; };
		0496DA352A1E0AA000F3CF2B /* AddBudgetScreen.swift */ = {isa = PBXFileReference; lastKnownFileType = sourcecode.swift; path = AddBudgetScreen.swift; sourceTree = "<group>"; };
		0496DA372A1E303000F3CF2B /* BudgetViewModel.swift */ = {isa = PBXFileReference; lastKnownFileType = sourcecode.swift; path = BudgetViewModel.swift; sourceTree = "<group>"; };
		0496DA3B2A1E4B1300F3CF2B /* CategoryStruct.swift */ = {isa = PBXFileReference; lastKnownFileType = sourcecode.swift; path = CategoryStruct.swift; sourceTree = "<group>"; };
		0496DA3D2A1F058A00F3CF2B /* BudgetStruct.swift */ = {isa = PBXFileReference; lastKnownFileType = sourcecode.swift; path = BudgetStruct.swift; sourceTree = "<group>"; };
		0496DA412A2060A200F3CF2B /* BudgetInfoStruct.swift */ = {isa = PBXFileReference; lastKnownFileType = sourcecode.swift; path = BudgetInfoStruct.swift; sourceTree = "<group>"; };
		04B24F982A218FC50031D865 /* MainViewModel.swift */ = {isa = PBXFileReference; lastKnownFileType = sourcecode.swift; path = MainViewModel.swift; sourceTree = "<group>"; };
		04C512902A163CD400CC75F9 /* CoreDataTutor.swift */ = {isa = PBXFileReference; lastKnownFileType = sourcecode.swift; path = CoreDataTutor.swift; sourceTree = "<group>"; };
		04C512922A163D2F00CC75F9 /* HomeScreen.swift */ = {isa = PBXFileReference; lastKnownFileType = sourcecode.swift; path = HomeScreen.swift; sourceTree = "<group>"; };
		04C512962A163FC200CC75F9 /* Inter-Black.ttf */ = {isa = PBXFileReference; lastKnownFileType = file; path = "Inter-Black.ttf"; sourceTree = "<group>"; };
		04C512972A163FC200CC75F9 /* Inter-Medium.ttf */ = {isa = PBXFileReference; lastKnownFileType = file; path = "Inter-Medium.ttf"; sourceTree = "<group>"; };
		04C512982A163FC200CC75F9 /* Inter-Bold.ttf */ = {isa = PBXFileReference; lastKnownFileType = file; path = "Inter-Bold.ttf"; sourceTree = "<group>"; };
		04C512992A163FC200CC75F9 /* Inter-Light.ttf */ = {isa = PBXFileReference; lastKnownFileType = file; path = "Inter-Light.ttf"; sourceTree = "<group>"; };
		04C5129A2A163FC200CC75F9 /* Inter-Regular.ttf */ = {isa = PBXFileReference; lastKnownFileType = file; path = "Inter-Regular.ttf"; sourceTree = "<group>"; };
		04C5129B2A163FC200CC75F9 /* Inter-ExtraBold.ttf */ = {isa = PBXFileReference; lastKnownFileType = file; path = "Inter-ExtraBold.ttf"; sourceTree = "<group>"; };
		04C5129C2A163FC200CC75F9 /* Inter-SemiBold.ttf */ = {isa = PBXFileReference; lastKnownFileType = file; path = "Inter-SemiBold.ttf"; sourceTree = "<group>"; };
		04C512A42A16401000CC75F9 /* ProjectALP-MoneyGenius-Info.plist */ = {isa = PBXFileReference; lastKnownFileType = text.plist; path = "ProjectALP-MoneyGenius-Info.plist"; sourceTree = SOURCE_ROOT; };
		04C512A62A16416000CC75F9 /* Styling.swift */ = {isa = PBXFileReference; lastKnownFileType = sourcecode.swift; path = Styling.swift; sourceTree = "<group>"; };
		04C512A82A1645A200CC75F9 /* MainScreen.swift */ = {isa = PBXFileReference; lastKnownFileType = sourcecode.swift; path = MainScreen.swift; sourceTree = "<group>"; };
		04C512AA2A1645B100CC75F9 /* StatisticsScreen.swift */ = {isa = PBXFileReference; lastKnownFileType = sourcecode.swift; path = StatisticsScreen.swift; sourceTree = "<group>"; };
		04C512AC2A1645BC00CC75F9 /* ProfileScreen.swift */ = {isa = PBXFileReference; lastKnownFileType = sourcecode.swift; path = ProfileScreen.swift; sourceTree = "<group>"; };
		04C512B02A16575A00CC75F9 /* CoreDataManager.swift */ = {isa = PBXFileReference; lastKnownFileType = sourcecode.swift; path = CoreDataManager.swift; sourceTree = "<group>"; };
		04C512B22A16588900CC75F9 /* TransactionViewModel.swift */ = {isa = PBXFileReference; lastKnownFileType = sourcecode.swift; path = TransactionViewModel.swift; sourceTree = "<group>"; };
		04C512B52A1673BB00CC75F9 /* Transaction.swift */ = {isa = PBXFileReference; lastKnownFileType = sourcecode.swift; path = Transaction.swift; sourceTree = "<group>"; };
		04EBC48F2A130E5E006F85F4 /* ProjectALP_MoneyGenius.app */ = {isa = PBXFileReference; explicitFileType = wrapper.application; includeInIndex = 0; path = ProjectALP_MoneyGenius.app; sourceTree = BUILT_PRODUCTS_DIR; };
		04EBC4922A130E5E006F85F4 /* ProjectALP_MoneyGeniusApp.swift */ = {isa = PBXFileReference; lastKnownFileType = sourcecode.swift; path = ProjectALP_MoneyGeniusApp.swift; sourceTree = "<group>"; };
		04EBC4942A130E5E006F85F4 /* ContentView.swift */ = {isa = PBXFileReference; lastKnownFileType = sourcecode.swift; path = ContentView.swift; sourceTree = "<group>"; };
		04EBC4962A130E5F006F85F4 /* Assets.xcassets */ = {isa = PBXFileReference; lastKnownFileType = folder.assetcatalog; path = Assets.xcassets; sourceTree = "<group>"; };
		04EBC4992A130E5F006F85F4 /* Preview Assets.xcassets */ = {isa = PBXFileReference; lastKnownFileType = folder.assetcatalog; path = "Preview Assets.xcassets"; sourceTree = "<group>"; };
		04EBC49B2A130E5F006F85F4 /* Persistence.swift */ = {isa = PBXFileReference; lastKnownFileType = sourcecode.swift; path = Persistence.swift; sourceTree = "<group>"; };
		04EBC49E2A130E5F006F85F4 /* ProjectALP_MoneyGenius.xcdatamodel */ = {isa = PBXFileReference; lastKnownFileType = wrapper.xcdatamodel; path = ProjectALP_MoneyGenius.xcdatamodel; sourceTree = "<group>"; };
		04EBC4C52A163BAD006F85F4 /* SplashScreen.swift */ = {isa = PBXFileReference; lastKnownFileType = sourcecode.swift; path = SplashScreen.swift; sourceTree = "<group>"; };
/* End PBXFileReference section */

/* Begin PBXFrameworksBuildPhase section */
		04EBC48C2A130E5E006F85F4 /* Frameworks */ = {
			isa = PBXFrameworksBuildPhase;
			buildActionMask = 2147483647;
			files = (
			);
			runOnlyForDeploymentPostprocessing = 0;
		};
/* End PBXFrameworksBuildPhase section */

/* Begin PBXGroup section */
		04292FDE2A249F21000DE0E1 /* Extensions */ = {
			isa = PBXGroup;
			children = (
				04292FDF2A249F30000DE0E1 /* DateExtension.swift */,
			);
			path = Extensions;
			sourceTree = "<group>";
		};
		047DFF392A29CAD900D7E8B2 /* ipad */ = {
			isa = PBXGroup;
			children = (
				047DFF3F2A29CBB700D7E8B2 /* IpadMainScreen.swift */,
			);
			path = ipad;
			sourceTree = "<group>";
		};
		047DFF3A2A29CAE200D7E8B2 /* mac */ = {
			isa = PBXGroup;
			children = (
				047DFF3D2A29CB2700D7E8B2 /* MacMainScreen.swift */,
			);
			path = mac;
			sourceTree = "<group>";
		};
		048FC4DD2A2325B900C6E728 /* ProfileScreen */ = {
			isa = PBXGroup;
			children = (
				048FC4DB2A23246A00C6E728 /* ProfileSettView.swift */,
				04C512AC2A1645BC00CC75F9 /* ProfileScreen.swift */,
				048FC4DE2A23261000C6E728 /* DelagateScene.swift */,
				048FC4E02A23269600C6E728 /* Header.swift */,
				048FC4E42A2355DF00C6E728 /* colorSlider.swift */,
			);
			path = ProfileScreen;
			sourceTree = "<group>";
		};
		0496DA302A1DA0DC00F3CF2B /* Components */ = {
			isa = PBXGroup;
			children = (
				0496DA312A1DA0EC00F3CF2B /* ProgressBarComponent.swift */,
				0496DA332A1E098600F3CF2B /* FloatingActionButton.swift */,
				0448A4092A20FEC300997EBB /* TextInputComponent.swift */,
				04292FE32A24D623000DE0E1 /* TransactionCardComponent.swift */,
				04292FE52A2590C4000DE0E1 /* MainScreenBlock.swift */,
				04292FE72A25926C000DE0E1 /* CircleImage.swift */,
			);
			path = Components;
			sourceTree = "<group>";
		};
		04C5128F2A163C9900CC75F9 /* Tutorial */ = {
			isa = PBXGroup;
			children = (
				04C512902A163CD400CC75F9 /* CoreDataTutor.swift */,
			);
			path = Tutorial;
			sourceTree = "<group>";
		};
		04C512952A163FA600CC75F9 /* fonts */ = {
			isa = PBXGroup;
			children = (
				04C512962A163FC200CC75F9 /* Inter-Black.ttf */,
				04C512982A163FC200CC75F9 /* Inter-Bold.ttf */,
				04C5129B2A163FC200CC75F9 /* Inter-ExtraBold.ttf */,
				04C512992A163FC200CC75F9 /* Inter-Light.ttf */,
				04C512972A163FC200CC75F9 /* Inter-Medium.ttf */,
				04C5129A2A163FC200CC75F9 /* Inter-Regular.ttf */,
				04C5129C2A163FC200CC75F9 /* Inter-SemiBold.ttf */,
			);
			path = fonts;
			sourceTree = "<group>";
		};
		04C512A52A16414F00CC75F9 /* Helpers */ = {
			isa = PBXGroup;
			children = (
				04C512A62A16416000CC75F9 /* Styling.swift */,
			);
			path = Helpers;
			sourceTree = "<group>";
		};
		04C512AE2A164F1100CC75F9 /* ViewModel */ = {
			isa = PBXGroup;
			children = (
				04C512B22A16588900CC75F9 /* TransactionViewModel.swift */,
				0496DA372A1E303000F3CF2B /* BudgetViewModel.swift */,
				04B24F982A218FC50031D865 /* MainViewModel.swift */,
				048FC4D72A2322D300C6E728 /* ProfileViewModel.swift */,
				04292FDC2A2495ED000DE0E1 /* StatisticsViewModel.swift */,
			);
			path = ViewModel;
			sourceTree = "<group>";
		};
		04C512AF2A164F1C00CC75F9 /* Model */ = {
			isa = PBXGroup;
			children = (
				04C512B02A16575A00CC75F9 /* CoreDataManager.swift */,
				04EBC49D2A130E5F006F85F4 /* ProjectALP_MoneyGenius.xcdatamodeld */,
			);
			path = Model;
			sourceTree = "<group>";
		};
		04C512B42A1673AB00CC75F9 /* Class */ = {
			isa = PBXGroup;
			children = (
				0496DA3B2A1E4B1300F3CF2B /* CategoryStruct.swift */,
				04C512B52A1673BB00CC75F9 /* Transaction.swift */,
				0496DA3D2A1F058A00F3CF2B /* BudgetStruct.swift */,
				0496DA412A2060A200F3CF2B /* BudgetInfoStruct.swift */,
				048FC4D92A2323C700C6E728 /* Profile.swift */,
				04292FD72A248344000DE0E1 /* ChartInfoStruct.swift */,
			);
			path = Class;
			sourceTree = "<group>";
		};
		04EBC4862A130E5E006F85F4 = {
			isa = PBXGroup;
			children = (
				04EBC4912A130E5E006F85F4 /* ProjectALP_MoneyGenius */,
				04EBC4902A130E5E006F85F4 /* Products */,
			);
			sourceTree = "<group>";
		};
		04EBC4902A130E5E006F85F4 /* Products */ = {
			isa = PBXGroup;
			children = (
				04EBC48F2A130E5E006F85F4 /* ProjectALP_MoneyGenius.app */,
			);
			name = Products;
			sourceTree = "<group>";
		};
		04EBC4912A130E5E006F85F4 /* ProjectALP_MoneyGenius */ = {
			isa = PBXGroup;
			children = (
				047DFF382A28F62100D7E8B2 /* ProjectALP_MoneyGenius.entitlements */,
				04292FDE2A249F21000DE0E1 /* Extensions */,
				0496DA302A1DA0DC00F3CF2B /* Components */,
				04C512B42A1673AB00CC75F9 /* Class */,
				04C512AF2A164F1C00CC75F9 /* Model */,
				04C512AE2A164F1100CC75F9 /* ViewModel */,
				04C512A52A16414F00CC75F9 /* Helpers */,
				04C512A42A16401000CC75F9 /* ProjectALP-MoneyGenius-Info.plist */,
				04C512952A163FA600CC75F9 /* fonts */,
				04C5128F2A163C9900CC75F9 /* Tutorial */,
				04EBC4C42A163B9A006F85F4 /* Screens */,
				04EBC4922A130E5E006F85F4 /* ProjectALP_MoneyGeniusApp.swift */,
				04EBC4942A130E5E006F85F4 /* ContentView.swift */,
				04EBC4962A130E5F006F85F4 /* Assets.xcassets */,
				04EBC49B2A130E5F006F85F4 /* Persistence.swift */,
				04EBC4982A130E5F006F85F4 /* Preview Content */,
			);
			path = ProjectALP_MoneyGenius;
			sourceTree = "<group>";
		};
		04EBC4982A130E5F006F85F4 /* Preview Content */ = {
			isa = PBXGroup;
			children = (
				04EBC4992A130E5F006F85F4 /* Preview Assets.xcassets */,
			);
			path = "Preview Content";
			sourceTree = "<group>";
		};
		04EBC4C42A163B9A006F85F4 /* Screens */ = {
			isa = PBXGroup;
			children = (
				047DFF3A2A29CAE200D7E8B2 /* mac */,
				047DFF392A29CAD900D7E8B2 /* ipad */,
				048FC4DD2A2325B900C6E728 /* ProfileScreen */,
				04EBC4C52A163BAD006F85F4 /* SplashScreen.swift */,
				04C512922A163D2F00CC75F9 /* HomeScreen.swift */,
				04C512A82A1645A200CC75F9 /* MainScreen.swift */,
				04C512AA2A1645B100CC75F9 /* StatisticsScreen.swift */,
				0496DA2E2A1DA05800F3CF2B /* BudgetScreen.swift */,
				0496DA352A1E0AA000F3CF2B /* AddBudgetScreen.swift */,
				0448A4052A20F9C700997EBB /* TransactionScreen.swift */,
				0448A4072A20FE1600997EBB /* AddTransactionScreen.swift */,
				048FC4ED2A235D7B00C6E728 /* SetUpScreen.swift */,
			);
			path = Screens;
			sourceTree = "<group>";
		};
/* End PBXGroup section */

/* Begin PBXNativeTarget section */
		04EBC48E2A130E5E006F85F4 /* ProjectALP_MoneyGenius */ = {
			isa = PBXNativeTarget;
			buildConfigurationList = 04EBC4A22A130E5F006F85F4 /* Build configuration list for PBXNativeTarget "ProjectALP_MoneyGenius" */;
			buildPhases = (
				04EBC48B2A130E5E006F85F4 /* Sources */,
				04EBC48C2A130E5E006F85F4 /* Frameworks */,
				04EBC48D2A130E5E006F85F4 /* Resources */,
			);
			buildRules = (
			);
			dependencies = (
			);
			name = ProjectALP_MoneyGenius;
			productName = ProjectALP_MoneyGenius;
			productReference = 04EBC48F2A130E5E006F85F4 /* ProjectALP_MoneyGenius.app */;
			productType = "com.apple.product-type.application";
		};
/* End PBXNativeTarget section */

/* Begin PBXProject section */
		04EBC4872A130E5E006F85F4 /* Project object */ = {
			isa = PBXProject;
			attributes = {
				BuildIndependentTargetsInParallel = 1;
				LastSwiftUpdateCheck = 1420;
				LastUpgradeCheck = 1420;
				TargetAttributes = {
					04EBC48E2A130E5E006F85F4 = {
						CreatedOnToolsVersion = 14.2;
					};
				};
			};
			buildConfigurationList = 04EBC48A2A130E5E006F85F4 /* Build configuration list for PBXProject "ProjectALP_MoneyGenius" */;
			compatibilityVersion = "Xcode 14.0";
			developmentRegion = en;
			hasScannedForEncodings = 0;
			knownRegions = (
				en,
				Base,
			);
			mainGroup = 04EBC4862A130E5E006F85F4;
			productRefGroup = 04EBC4902A130E5E006F85F4 /* Products */;
			projectDirPath = "";
			projectRoot = "";
			targets = (
				04EBC48E2A130E5E006F85F4 /* ProjectALP_MoneyGenius */,
			);
		};
/* End PBXProject section */

/* Begin PBXResourcesBuildPhase section */
		04EBC48D2A130E5E006F85F4 /* Resources */ = {
			isa = PBXResourcesBuildPhase;
			buildActionMask = 2147483647;
			files = (
				04C5129E2A163FC200CC75F9 /* Inter-Medium.ttf in Resources */,
				04C5129F2A163FC200CC75F9 /* Inter-Bold.ttf in Resources */,
				04EBC49A2A130E5F006F85F4 /* Preview Assets.xcassets in Resources */,
				04C512A32A163FC200CC75F9 /* Inter-SemiBold.ttf in Resources */,
				04C512A22A163FC200CC75F9 /* Inter-ExtraBold.ttf in Resources */,
				04C5129D2A163FC200CC75F9 /* Inter-Black.ttf in Resources */,
				04C512A02A163FC200CC75F9 /* Inter-Light.ttf in Resources */,
				04EBC4972A130E5F006F85F4 /* Assets.xcassets in Resources */,
				04C512A12A163FC200CC75F9 /* Inter-Regular.ttf in Resources */,
			);
			runOnlyForDeploymentPostprocessing = 0;
		};
/* End PBXResourcesBuildPhase section */

/* Begin PBXSourcesBuildPhase section */
		04EBC48B2A130E5E006F85F4 /* Sources */ = {
			isa = PBXSourcesBuildPhase;
			buildActionMask = 2147483647;
			files = (
				04C512B62A1673BB00CC75F9 /* Transaction.swift in Sources */,
				04C512B32A16588900CC75F9 /* TransactionViewModel.swift in Sources */,
				048FC4E12A23269600C6E728 /* Header.swift in Sources */,
				04292FDD2A2495ED000DE0E1 /* StatisticsViewModel.swift in Sources */,
				0496DA422A2060A200F3CF2B /* BudgetInfoStruct.swift in Sources */,
				048FC4D82A2322D300C6E728 /* ProfileViewModel.swift in Sources */,
				0496DA382A1E303000F3CF2B /* BudgetViewModel.swift in Sources */,
				0496DA322A1DA0EC00F3CF2B /* ProgressBarComponent.swift in Sources */,
				04B24F992A218FC50031D865 /* MainViewModel.swift in Sources */,
				0496DA3C2A1E4B1300F3CF2B /* CategoryStruct.swift in Sources */,
				04292FE62A2590C4000DE0E1 /* MainScreenBlock.swift in Sources */,
				04EBC4C62A163BAD006F85F4 /* SplashScreen.swift in Sources */,
				04C512912A163CD400CC75F9 /* CoreDataTutor.swift in Sources */,
				04292FE42A24D623000DE0E1 /* TransactionCardComponent.swift in Sources */,
				04C512AB2A1645B100CC75F9 /* StatisticsScreen.swift in Sources */,
				04292FE02A249F30000DE0E1 /* DateExtension.swift in Sources */,
				0448A4082A20FE1700997EBB /* AddTransactionScreen.swift in Sources */,
				047DFF402A29CBB700D7E8B2 /* IpadMainScreen.swift in Sources */,
				04C512A72A16416000CC75F9 /* Styling.swift in Sources */,
				048FC4E52A2355DF00C6E728 /* colorSlider.swift in Sources */,
				04C512AD2A1645BC00CC75F9 /* ProfileScreen.swift in Sources */,
				0496DA342A1E098600F3CF2B /* FloatingActionButton.swift in Sources */,
				04292FD82A248344000DE0E1 /* ChartInfoStruct.swift in Sources */,
				048FC4DF2A23261000C6E728 /* DelagateScene.swift in Sources */,
				04C512932A163D2F00CC75F9 /* HomeScreen.swift in Sources */,
				0496DA3E2A1F058A00F3CF2B /* BudgetStruct.swift in Sources */,
				048FC4DA2A2323C700C6E728 /* Profile.swift in Sources */,
				04C512B12A16575A00CC75F9 /* CoreDataManager.swift in Sources */,
				0448A4062A20F9C700997EBB /* TransactionScreen.swift in Sources */,
				04EBC49C2A130E5F006F85F4 /* Persistence.swift in Sources */,
				04292FE82A25926C000DE0E1 /* CircleImage.swift in Sources */,
				0496DA362A1E0AA000F3CF2B /* AddBudgetScreen.swift in Sources */,
				04EBC49F2A130E5F006F85F4 /* ProjectALP_MoneyGenius.xcdatamodeld in Sources */,
				0448A40A2A20FEC300997EBB /* TextInputComponent.swift in Sources */,
				048FC4EE2A235D7B00C6E728 /* SetUpScreen.swift in Sources */,
				04C512A92A1645A200CC75F9 /* MainScreen.swift in Sources */,
				04EBC4952A130E5E006F85F4 /* ContentView.swift in Sources */,
				0496DA2F2A1DA05800F3CF2B /* BudgetScreen.swift in Sources */,
				047DFF3E2A29CB2700D7E8B2 /* MacMainScreen.swift in Sources */,
				048FC4DC2A23246A00C6E728 /* ProfileSettView.swift in Sources */,
				04EBC4932A130E5E006F85F4 /* ProjectALP_MoneyGeniusApp.swift in Sources */,
			);
			runOnlyForDeploymentPostprocessing = 0;
		};
/* End PBXSourcesBuildPhase section */

/* Begin XCBuildConfiguration section */
		04EBC4A02A130E5F006F85F4 /* Debug */ = {
			isa = XCBuildConfiguration;
			buildSettings = {
				ALWAYS_SEARCH_USER_PATHS = NO;
				CLANG_ANALYZER_NONNULL = YES;
				CLANG_ANALYZER_NUMBER_OBJECT_CONVERSION = YES_AGGRESSIVE;
				CLANG_CXX_LANGUAGE_STANDARD = "gnu++20";
				CLANG_ENABLE_MODULES = YES;
				CLANG_ENABLE_OBJC_ARC = YES;
				CLANG_ENABLE_OBJC_WEAK = YES;
				CLANG_WARN_BLOCK_CAPTURE_AUTORELEASING = YES;
				CLANG_WARN_BOOL_CONVERSION = YES;
				CLANG_WARN_COMMA = YES;
				CLANG_WARN_CONSTANT_CONVERSION = YES;
				CLANG_WARN_DEPRECATED_OBJC_IMPLEMENTATIONS = YES;
				CLANG_WARN_DIRECT_OBJC_ISA_USAGE = YES_ERROR;
				CLANG_WARN_DOCUMENTATION_COMMENTS = YES;
				CLANG_WARN_EMPTY_BODY = YES;
				CLANG_WARN_ENUM_CONVERSION = YES;
				CLANG_WARN_INFINITE_RECURSION = YES;
				CLANG_WARN_INT_CONVERSION = YES;
				CLANG_WARN_NON_LITERAL_NULL_CONVERSION = YES;
				CLANG_WARN_OBJC_IMPLICIT_RETAIN_SELF = YES;
				CLANG_WARN_OBJC_LITERAL_CONVERSION = YES;
				CLANG_WARN_OBJC_ROOT_CLASS = YES_ERROR;
				CLANG_WARN_QUOTED_INCLUDE_IN_FRAMEWORK_HEADER = YES;
				CLANG_WARN_RANGE_LOOP_ANALYSIS = YES;
				CLANG_WARN_STRICT_PROTOTYPES = YES;
				CLANG_WARN_SUSPICIOUS_MOVE = YES;
				CLANG_WARN_UNGUARDED_AVAILABILITY = YES_AGGRESSIVE;
				CLANG_WARN_UNREACHABLE_CODE = YES;
				CLANG_WARN__DUPLICATE_METHOD_MATCH = YES;
				COPY_PHASE_STRIP = NO;
				DEBUG_INFORMATION_FORMAT = dwarf;
				ENABLE_STRICT_OBJC_MSGSEND = YES;
				ENABLE_TESTABILITY = YES;
				GCC_C_LANGUAGE_STANDARD = gnu11;
				GCC_DYNAMIC_NO_PIC = NO;
				GCC_NO_COMMON_BLOCKS = YES;
				GCC_OPTIMIZATION_LEVEL = 0;
				GCC_PREPROCESSOR_DEFINITIONS = (
					"DEBUG=1",
					"$(inherited)",
				);
				GCC_WARN_64_TO_32_BIT_CONVERSION = YES;
				GCC_WARN_ABOUT_RETURN_TYPE = YES_ERROR;
				GCC_WARN_UNDECLARED_SELECTOR = YES;
				GCC_WARN_UNINITIALIZED_AUTOS = YES_AGGRESSIVE;
				GCC_WARN_UNUSED_FUNCTION = YES;
				GCC_WARN_UNUSED_VARIABLE = YES;
				IPHONEOS_DEPLOYMENT_TARGET = 16.2;
				MTL_ENABLE_DEBUG_INFO = INCLUDE_SOURCE;
				MTL_FAST_MATH = YES;
				ONLY_ACTIVE_ARCH = YES;
				SDKROOT = iphoneos;
				SWIFT_ACTIVE_COMPILATION_CONDITIONS = DEBUG;
				SWIFT_OPTIMIZATION_LEVEL = "-Onone";
			};
			name = Debug;
		};
		04EBC4A12A130E5F006F85F4 /* Release */ = {
			isa = XCBuildConfiguration;
			buildSettings = {
				ALWAYS_SEARCH_USER_PATHS = NO;
				CLANG_ANALYZER_NONNULL = YES;
				CLANG_ANALYZER_NUMBER_OBJECT_CONVERSION = YES_AGGRESSIVE;
				CLANG_CXX_LANGUAGE_STANDARD = "gnu++20";
				CLANG_ENABLE_MODULES = YES;
				CLANG_ENABLE_OBJC_ARC = YES;
				CLANG_ENABLE_OBJC_WEAK = YES;
				CLANG_WARN_BLOCK_CAPTURE_AUTORELEASING = YES;
				CLANG_WARN_BOOL_CONVERSION = YES;
				CLANG_WARN_COMMA = YES;
				CLANG_WARN_CONSTANT_CONVERSION = YES;
				CLANG_WARN_DEPRECATED_OBJC_IMPLEMENTATIONS = YES;
				CLANG_WARN_DIRECT_OBJC_ISA_USAGE = YES_ERROR;
				CLANG_WARN_DOCUMENTATION_COMMENTS = YES;
				CLANG_WARN_EMPTY_BODY = YES;
				CLANG_WARN_ENUM_CONVERSION = YES;
				CLANG_WARN_INFINITE_RECURSION = YES;
				CLANG_WARN_INT_CONVERSION = YES;
				CLANG_WARN_NON_LITERAL_NULL_CONVERSION = YES;
				CLANG_WARN_OBJC_IMPLICIT_RETAIN_SELF = YES;
				CLANG_WARN_OBJC_LITERAL_CONVERSION = YES;
				CLANG_WARN_OBJC_ROOT_CLASS = YES_ERROR;
				CLANG_WARN_QUOTED_INCLUDE_IN_FRAMEWORK_HEADER = YES;
				CLANG_WARN_RANGE_LOOP_ANALYSIS = YES;
				CLANG_WARN_STRICT_PROTOTYPES = YES;
				CLANG_WARN_SUSPICIOUS_MOVE = YES;
				CLANG_WARN_UNGUARDED_AVAILABILITY = YES_AGGRESSIVE;
				CLANG_WARN_UNREACHABLE_CODE = YES;
				CLANG_WARN__DUPLICATE_METHOD_MATCH = YES;
				COPY_PHASE_STRIP = NO;
				DEBUG_INFORMATION_FORMAT = "dwarf-with-dsym";
				ENABLE_NS_ASSERTIONS = NO;
				ENABLE_STRICT_OBJC_MSGSEND = YES;
				GCC_C_LANGUAGE_STANDARD = gnu11;
				GCC_NO_COMMON_BLOCKS = YES;
				GCC_WARN_64_TO_32_BIT_CONVERSION = YES;
				GCC_WARN_ABOUT_RETURN_TYPE = YES_ERROR;
				GCC_WARN_UNDECLARED_SELECTOR = YES;
				GCC_WARN_UNINITIALIZED_AUTOS = YES_AGGRESSIVE;
				GCC_WARN_UNUSED_FUNCTION = YES;
				GCC_WARN_UNUSED_VARIABLE = YES;
				IPHONEOS_DEPLOYMENT_TARGET = 16.2;
				MTL_ENABLE_DEBUG_INFO = NO;
				MTL_FAST_MATH = YES;
				SDKROOT = iphoneos;
				SWIFT_COMPILATION_MODE = wholemodule;
				SWIFT_OPTIMIZATION_LEVEL = "-O";
				VALIDATE_PRODUCT = YES;
			};
			name = Release;
		};
		04EBC4A32A130E5F006F85F4 /* Debug */ = {
			isa = XCBuildConfiguration;
			buildSettings = {
				ASSETCATALOG_COMPILER_APPICON_NAME = AppIcon;
				ASSETCATALOG_COMPILER_GLOBAL_ACCENT_COLOR_NAME = AccentColor;
				CODE_SIGN_ENTITLEMENTS = ProjectALP_MoneyGenius/ProjectALP_MoneyGenius.entitlements;
				CODE_SIGN_STYLE = Automatic;
				CURRENT_PROJECT_VERSION = 1;
				DEVELOPMENT_ASSET_PATHS = "\"ProjectALP_MoneyGenius/Preview Content\"";
				DEVELOPMENT_TEAM = 65MU3RV28U;
				ENABLE_PREVIEWS = YES;
				GENERATE_INFOPLIST_FILE = YES;
				INFOPLIST_FILE = "ProjectALP-MoneyGenius-Info.plist";
				INFOPLIST_KEY_UIApplicationSceneManifest_Generation = YES;
				INFOPLIST_KEY_UIApplicationSupportsIndirectInputEvents = YES;
				INFOPLIST_KEY_UILaunchScreen_Generation = YES;
				INFOPLIST_KEY_UISupportedInterfaceOrientations_iPad = "UIInterfaceOrientationPortrait UIInterfaceOrientationPortraitUpsideDown UIInterfaceOrientationLandscapeLeft UIInterfaceOrientationLandscapeRight";
				INFOPLIST_KEY_UISupportedInterfaceOrientations_iPhone = "UIInterfaceOrientationPortrait UIInterfaceOrientationLandscapeLeft UIInterfaceOrientationLandscapeRight";
				LD_RUNPATH_SEARCH_PATHS = (
					"$(inherited)",
					"@executable_path/Frameworks",
				);
				MARKETING_VERSION = 1.0;
				PRODUCT_BUNDLE_IDENTIFIER = "com.ucexerciseweek.ProjectALP-MoneyGenius";
				PRODUCT_NAME = "$(TARGET_NAME)";
				SUPPORTED_PLATFORMS = "iphoneos iphonesimulator";
				SUPPORTS_MACCATALYST = YES;
				SUPPORTS_MAC_DESIGNED_FOR_IPHONE_IPAD = NO;
				SWIFT_EMIT_LOC_STRINGS = YES;
				SWIFT_VERSION = 5.0;
				TARGETED_DEVICE_FAMILY = "1,2";
			};
			name = Debug;
		};
		04EBC4A42A130E5F006F85F4 /* Release */ = {
			isa = XCBuildConfiguration;
			buildSettings = {
				ASSETCATALOG_COMPILER_APPICON_NAME = AppIcon;
				ASSETCATALOG_COMPILER_GLOBAL_ACCENT_COLOR_NAME = AccentColor;
				CODE_SIGN_ENTITLEMENTS = ProjectALP_MoneyGenius/ProjectALP_MoneyGenius.entitlements;
				CODE_SIGN_STYLE = Automatic;
				CURRENT_PROJECT_VERSION = 1;
				DEVELOPMENT_ASSET_PATHS = "\"ProjectALP_MoneyGenius/Preview Content\"";
				DEVELOPMENT_TEAM = 65MU3RV28U;
				ENABLE_PREVIEWS = YES;
				GENERATE_INFOPLIST_FILE = YES;
				INFOPLIST_FILE = "ProjectALP-MoneyGenius-Info.plist";
				INFOPLIST_KEY_UIApplicationSceneManifest_Generation = YES;
				INFOPLIST_KEY_UIApplicationSupportsIndirectInputEvents = YES;
				INFOPLIST_KEY_UILaunchScreen_Generation = YES;
				INFOPLIST_KEY_UISupportedInterfaceOrientations_iPad = "UIInterfaceOrientationPortrait UIInterfaceOrientationPortraitUpsideDown UIInterfaceOrientationLandscapeLeft UIInterfaceOrientationLandscapeRight";
				INFOPLIST_KEY_UISupportedInterfaceOrientations_iPhone = "UIInterfaceOrientationPortrait UIInterfaceOrientationLandscapeLeft UIInterfaceOrientationLandscapeRight";
				LD_RUNPATH_SEARCH_PATHS = (
					"$(inherited)",
					"@executable_path/Frameworks",
				);
				MARKETING_VERSION = 1.0;
				PRODUCT_BUNDLE_IDENTIFIER = "com.ucexerciseweek.ProjectALP-MoneyGenius";
				PRODUCT_NAME = "$(TARGET_NAME)";
				SUPPORTED_PLATFORMS = "iphoneos iphonesimulator";
				SUPPORTS_MACCATALYST = YES;
				SUPPORTS_MAC_DESIGNED_FOR_IPHONE_IPAD = NO;
				SWIFT_EMIT_LOC_STRINGS = YES;
				SWIFT_VERSION = 5.0;
				TARGETED_DEVICE_FAMILY = "1,2";
			};
			name = Release;
		};
/* End XCBuildConfiguration section */

/* Begin XCConfigurationList section */
		04EBC48A2A130E5E006F85F4 /* Build configuration list for PBXProject "ProjectALP_MoneyGenius" */ = {
			isa = XCConfigurationList;
			buildConfigurations = (
				04EBC4A02A130E5F006F85F4 /* Debug */,
				04EBC4A12A130E5F006F85F4 /* Release */,
			);
			defaultConfigurationIsVisible = 0;
			defaultConfigurationName = Release;
		};
		04EBC4A22A130E5F006F85F4 /* Build configuration list for PBXNativeTarget "ProjectALP_MoneyGenius" */ = {
			isa = XCConfigurationList;
			buildConfigurations = (
				04EBC4A32A130E5F006F85F4 /* Debug */,
				04EBC4A42A130E5F006F85F4 /* Release */,
			);
			defaultConfigurationIsVisible = 0;
			defaultConfigurationName = Release;
		};
/* End XCConfigurationList section */

/* Begin XCVersionGroup section */
		04EBC49D2A130E5F006F85F4 /* ProjectALP_MoneyGenius.xcdatamodeld */ = {
			isa = XCVersionGroup;
			children = (
				04EBC49E2A130E5F006F85F4 /* ProjectALP_MoneyGenius.xcdatamodel */,
			);
			currentVersion = 04EBC49E2A130E5F006F85F4 /* ProjectALP_MoneyGenius.xcdatamodel */;
			path = ProjectALP_MoneyGenius.xcdatamodeld;
			sourceTree = "<group>";
			versionGroupType = wrapper.xcdatamodel;
		};
/* End XCVersionGroup section */
	};
	rootObject = 04EBC4872A130E5E006F85F4 /* Project object */;
}
